
Microsoft Visual Studio Solution File, Format Version 12.00
# Visual Studio 15
VisualStudioVersion = 15.0.28307.645
MinimumVisualStudioVersion = 10.0.40219.1
Project("{FAE04EC0-301F-11D3-BF4B-00C04F79EFBC}") = "Csharp_lab_15", "Csharp_lab_15.csproj", "{BEFEEF33-91F7-421B-855F-665E18AF2DC6}"
EndProject
Global
	GlobalSection(SolutionConfigurationPlatforms) = preSolution
		Debug|Any CPU = Debug|Any CPU
		Release|Any CPU = Release|Any CPU
	EndGlobalSection
	GlobalSection(ProjectConfigurationPlatforms) = postSolution
		{BEFEEF33-91F7-421B-855F-665E18AF2DC6}.Debug|Any CPU.ActiveCfg = Debug|Any CPU
		{BEFEEF33-91F7-421B-855F-665E18AF2DC6}.Debug|Any CPU.Build.0 = Debug|Any CPU
		{BEFEEF33-91F7-421B-855F-665E18AF2DC6}.Release|Any CPU.ActiveCfg = Release|Any CPU
		{BEFEEF33-91F7-421B-855F-665E18AF2DC6}.Release|Any CPU.Build.0 = Release|Any CPU
	EndGlobalSection
	GlobalSection(SolutionProperties) = preSolution
		HideSolutionNode = FALSE
	EndGlobalSection
	GlobalSection(ExtensibilityGlobals) = postSolution
		SolutionGuid = {E8FB0E44-D166-44D7-A16E-2143FA6EAE03}
	EndGlobalSection
EndGlobal
